
Microsoft Visual Studio Solution File, Format Version 12.00
# Visual Studio Version 17
VisualStudioVersion = 17.10.35013.160
MinimumVisualStudioVersion = 10.0.40219.1
Project("{FAE04EC0-301F-11D3-BF4B-00C04F79EFBC}") = "LPM", "LPM.csproj", "{60A9D313-025F-47A5-8BC8-48A51D790A18}"
EndProject
Project("{FAE04EC0-301F-11D3-BF4B-00C04F79EFBC}") = "LPM.Tests", "..\LPM.Tests\LPM.Tests.csproj", "{1CB30344-7182-D800-BB91-28F4C1B67F2D}"
EndProject
Global
	GlobalSection(SolutionConfigurationPlatforms) = preSolution
		Debug|Any CPU = Debug|Any CPU
		Debug|x64 = Debug|x64
		Debug|x86 = Debug|x86
		Release|Any CPU = Release|Any CPU
		Release|x64 = Release|x64
		Release|x86 = Release|x86
	EndGlobalSection
	GlobalSection(ProjectConfigurationPlatforms) = postSolution
		{60A9D313-025F-47A5-8BC8-48A51D790A18}.Debug|Any CPU.ActiveCfg = Debug|Any CPU
		{60A9D313-025F-47A5-8BC8-48A51D790A18}.Debug|Any CPU.Build.0 = Debug|Any CPU
		{60A9D313-025F-47A5-8BC8-48A51D790A18}.Debug|x64.ActiveCfg = Debug|Any CPU
		{60A9D313-025F-47A5-8BC8-48A51D790A18}.Debug|x64.Build.0 = Debug|Any CPU
		{60A9D313-025F-47A5-8BC8-48A51D790A18}.Debug|x86.ActiveCfg = Debug|Any CPU
		{60A9D313-025F-47A5-8BC8-48A51D790A18}.Debug|x86.Build.0 = Debug|Any CPU
		{60A9D313-025F-47A5-8BC8-48A51D790A18}.Release|Any CPU.ActiveCfg = Release|Any CPU
		{60A9D313-025F-47A5-8BC8-48A51D790A18}.Release|Any CPU.Build.0 = Release|Any CPU
		{60A9D313-025F-47A5-8BC8-48A51D790A18}.Release|x64.ActiveCfg = Release|Any CPU
		{60A9D313-025F-47A5-8BC8-48A51D790A18}.Release|x64.Build.0 = Release|Any CPU
		{60A9D313-025F-47A5-8BC8-48A51D790A18}.Release|x86.ActiveCfg = Release|Any CPU
		{60A9D313-025F-47A5-8BC8-48A51D790A18}.Release|x86.Build.0 = Release|Any CPU
		{1CB30344-7182-D800-BB91-28F4C1B67F2D}.Debug|Any CPU.ActiveCfg = Debug|Any CPU
		{1CB30344-7182-D800-BB91-28F4C1B67F2D}.Debug|Any CPU.Build.0 = Debug|Any CPU
		{1CB30344-7182-D800-BB91-28F4C1B67F2D}.Debug|x64.ActiveCfg = Debug|Any CPU
		{1CB30344-7182-D800-BB91-28F4C1B67F2D}.Debug|x64.Build.0 = Debug|Any CPU
		{1CB30344-7182-D800-BB91-28F4C1B67F2D}.Debug|x86.ActiveCfg = Debug|Any CPU
		{1CB30344-7182-D800-BB91-28F4C1B67F2D}.Debug|x86.Build.0 = Debug|Any CPU
		{1CB30344-7182-D800-BB91-28F4C1B67F2D}.Release|Any CPU.ActiveCfg = Release|Any CPU
		{1CB30344-7182-D800-BB91-28F4C1B67F2D}.Release|Any CPU.Build.0 = Release|Any CPU
		{1CB30344-7182-D800-BB91-28F4C1B67F2D}.Release|x64.ActiveCfg = Release|Any CPU
		{1CB30344-7182-D800-BB91-28F4C1B67F2D}.Release|x64.Build.0 = Release|Any CPU
		{1CB30344-7182-D800-BB91-28F4C1B67F2D}.Release|x86.ActiveCfg = Release|Any CPU
		{1CB30344-7182-D800-BB91-28F4C1B67F2D}.Release|x86.Build.0 = Release|Any CPU
	EndGlobalSection
	GlobalSection(SolutionProperties) = preSolution
		HideSolutionNode = FALSE
	EndGlobalSection
	GlobalSection(ExtensibilityGlobals) = postSolution
		SolutionGuid = {0A13A15E-621C-4446-B8C5-1F11FFBEB7CD}
	EndGlobalSection
EndGlobal
